// !$*UTF8*$!
{
	archiveVersion = 1;
	classes = {
	};
	objectVersion = 46;
	objects = {

/* Begin PBXBuildFile section */
		017AD04019B0346200098C8F /* AppDelegate.swift in Sources */ = {isa = PBXBuildFile; fileRef = 017AD03F19B0346200098C8F /* AppDelegate.swift */; };
		017AD04519B0346200098C8F /* Main.storyboard in Resources */ = {isa = PBXBuildFile; fileRef = 017AD04319B0346200098C8F /* Main.storyboard */; };
		017AD04719B0346200098C8F /* Images.xcassets in Resources */ = {isa = PBXBuildFile; fileRef = 017AD04619B0346200098C8F /* Images.xcassets */; };
		017AD05319B0346200098C8F /* Day2HomeworkTests.swift in Sources */ = {isa = PBXBuildFile; fileRef = 017AD05219B0346200098C8F /* Day2HomeworkTests.swift */; };
		017BB99E19B0814D00C19559 /* GenericVC.swift in Sources */ = {isa = PBXBuildFile; fileRef = 017BB99D19B0814D00C19559 /* GenericVC.swift */; };
		017BB9A019B0818600C19559 /* PhuongTrinhBacHai.swift in Sources */ = {isa = PBXBuildFile; fileRef = 017BB99F19B0818600C19559 /* PhuongTrinhBacHai.swift */; };
		017BB9A219B0880800C19559 /* VeZigzag.swift in Sources */ = {isa = PBXBuildFile; fileRef = 017BB9A119B0880800C19559 /* VeZigzag.swift */; };
		017BB9A419B0890C00C19559 /* VeOto.swift in Sources */ = {isa = PBXBuildFile; fileRef = 017BB9A319B0890C00C19559 /* VeOto.swift */; };
/* End PBXBuildFile section */

/* Begin PBXContainerItemProxy section */
		017AD04D19B0346200098C8F /* PBXContainerItemProxy */ = {
			isa = PBXContainerItemProxy;
			containerPortal = 017AD03219B0346200098C8F /* Project object */;
			proxyType = 1;
			remoteGlobalIDString = 017AD03919B0346200098C8F;
			remoteInfo = Day2Homework;
		};
/* End PBXContainerItemProxy section */

/* Begin PBXFileReference section */
		017AD03A19B0346200098C8F /* Day2Homework.app */ = {isa = PBXFileReference; explicitFileType = wrapper.application; includeInIndex = 0; path = Day2Homework.app; sourceTree = BUILT_PRODUCTS_DIR; };
		017AD03E19B0346200098C8F /* Info.plist */ = {isa = PBXFileReference; lastKnownFileType = text.plist.xml; path = Info.plist; sourceTree = "<group>"; };
		017AD03F19B0346200098C8F /* AppDelegate.swift */ = {isa = PBXFileReference; lastKnownFileType = sourcecode.swift; path = AppDelegate.swift; sourceTree = "<group>"; };
		017AD04419B0346200098C8F /* Base */ = {isa = PBXFileReference; lastKnownFileType = file.storyboard; name = Base; path = Base.lproj/Main.storyboard; sourceTree = "<group>"; };
		017AD04619B0346200098C8F /* Images.xcassets */ = {isa = PBXFileReference; lastKnownFileType = folder.assetcatalog; path = Images.xcassets; sourceTree = "<group>"; };
		017AD04C19B0346200098C8F /* Day2HomeworkTests.xctest */ = {isa = PBXFileReference; explicitFileType = wrapper.cfbundle; includeInIndex = 0; path = Day2HomeworkTests.xctest; sourceTree = BUILT_PRODUCTS_DIR; };
		017AD05119B0346200098C8F /* Info.plist */ = {isa = PBXFileReference; lastKnownFileType = text.plist.xml; path = Info.plist; sourceTree = "<group>"; };
		017AD05219B0346200098C8F /* Day2HomeworkTests.swift */ = {isa = PBXFileReference; lastKnownFileType = sourcecode.swift; path = Day2HomeworkTests.swift; sourceTree = "<group>"; };
		017BB99D19B0814D00C19559 /* GenericVC.swift */ = {isa = PBXFileReference; fileEncoding = 4; lastKnownFileType = sourcecode.swift; path = GenericVC.swift; sourceTree = "<group>"; };
		017BB99F19B0818600C19559 /* PhuongTrinhBacHai.swift */ = {isa = PBXFileReference; fileEncoding = 4; lastKnownFileType = sourcecode.swift; path = PhuongTrinhBacHai.swift; sourceTree = "<group>"; };
		017BB9A119B0880800C19559 /* VeZigzag.swift */ = {isa = PBXFileReference; fileEncoding = 4; lastKnownFileType = sourcecode.swift; path = VeZigzag.swift; sourceTree = "<group>"; };
		017BB9A319B0890C00C19559 /* VeOto.swift */ = {isa = PBXFileReference; fileEncoding = 4; lastKnownFileType = sourcecode.swift; path = VeOto.swift; sourceTree = "<group>"; };
/* End PBXFileReference section */

/* Begin PBXFrameworksBuildPhase section */
		017AD03719B0346200098C8F /* Frameworks */ = {
			isa = PBXFrameworksBuildPhase;
			buildActionMask = 2147483647;
			files = (
			);
			runOnlyForDeploymentPostprocessing = 0;
		};
		017AD04919B0346200098C8F /* Frameworks */ = {
			isa = PBXFrameworksBuildPhase;
			buildActionMask = 2147483647;
			files = (
			);
			runOnlyForDeploymentPostprocessing = 0;
		};
/* End PBXFrameworksBuildPhase section */

/* Begin PBXGroup section */
		017AD03119B0346200098C8F = {
			isa = PBXGroup;
			children = (
				017AD03C19B0346200098C8F /* Day2Homework */,
				017AD04F19B0346200098C8F /* Day2HomeworkTests */,
				017AD03B19B0346200098C8F /* Products */,
			);
			sourceTree = "<group>";
		};
		017AD03B19B0346200098C8F /* Products */ = {
			isa = PBXGroup;
			children = (
				017AD03A19B0346200098C8F /* Day2Homework.app */,
				017AD04C19B0346200098C8F /* Day2HomeworkTests.xctest */,
			);
			name = Products;
			sourceTree = "<group>";
		};
		017AD03C19B0346200098C8F /* Day2Homework */ = {
			isa = PBXGroup;
			children = (
				017AD03F19B0346200098C8F /* AppDelegate.swift */,
				017BB9A119B0880800C19559 /* VeZigzag.swift */,
				017BB99D19B0814D00C19559 /* GenericVC.swift */,
				017BB99F19B0818600C19559 /* PhuongTrinhBacHai.swift */,
				017BB9A319B0890C00C19559 /* VeOto.swift */,
				017AD04319B0346200098C8F /* Main.storyboard */,
				017AD04619B0346200098C8F /* Images.xcassets */,
				017AD03D19B0346200098C8F /* Supporting Files */,
			);
			path = Day2Homework;
			sourceTree = "<group>";
		};
		017AD03D19B0346200098C8F /* Supporting Files */ = {
			isa = PBXGroup;
			children = (
				017AD03E19B0346200098C8F /* Info.plist */,
			);
			name = "Supporting Files";
			sourceTree = "<group>";
		};
		017AD04F19B0346200098C8F /* Day2HomeworkTests */ = {
			isa = PBXGroup;
			children = (
				017AD05219B0346200098C8F /* Day2HomeworkTests.swift */,
				017AD05019B0346200098C8F /* Supporting Files */,
			);
			path = Day2HomeworkTests;
			sourceTree = "<group>";
		};
		017AD05019B0346200098C8F /* Supporting Files */ = {
			isa = PBXGroup;
			children = (
				017AD05119B0346200098C8F /* Info.plist */,
			);
			name = "Supporting Files";
			sourceTree = "<group>";
		};
/* End PBXGroup section */

/* Begin PBXNativeTarget section */
		017AD03919B0346200098C8F /* Day2Homework */ = {
			isa = PBXNativeTarget;
			buildConfigurationList = 017AD05619B0346200098C8F /* Build configuration list for PBXNativeTarget "Day2Homework" */;
			buildPhases = (
				017AD03619B0346200098C8F /* Sources */,
				017AD03719B0346200098C8F /* Frameworks */,
				017AD03819B0346200098C8F /* Resources */,
			);
			buildRules = (
			);
			dependencies = (
			);
			name = Day2Homework;
			productName = Day2Homework;
			productReference = 017AD03A19B0346200098C8F /* Day2Homework.app */;
			productType = "com.apple.product-type.application";
		};
		017AD04B19B0346200098C8F /* Day2HomeworkTests */ = {
			isa = PBXNativeTarget;
			buildConfigurationList = 017AD05919B0346200098C8F /* Build configuration list for PBXNativeTarget "Day2HomeworkTests" */;
			buildPhases = (
				017AD04819B0346200098C8F /* Sources */,
				017AD04919B0346200098C8F /* Frameworks */,
				017AD04A19B0346200098C8F /* Resources */,
			);
			buildRules = (
			);
			dependencies = (
				017AD04E19B0346200098C8F /* PBXTargetDependency */,
			);
			name = Day2HomeworkTests;
			productName = Day2HomeworkTests;
			productReference = 017AD04C19B0346200098C8F /* Day2HomeworkTests.xctest */;
			productType = "com.apple.product-type.bundle.unit-test";
		};
/* End PBXNativeTarget section */

/* Begin PBXProject section */
		017AD03219B0346200098C8F /* Project object */ = {
			isa = PBXProject;
			attributes = {
				LastUpgradeCheck = 0600;
				ORGANIZATIONNAME = "Dzung Nguyen";
				TargetAttributes = {
					017AD03919B0346200098C8F = {
						CreatedOnToolsVersion = 6.0;
					};
					017AD04B19B0346200098C8F = {
						CreatedOnToolsVersion = 6.0;
						TestTargetID = 017AD03919B0346200098C8F;
					};
				};
			};
			buildConfigurationList = 017AD03519B0346200098C8F /* Build configuration list for PBXProject "Day2Homework" */;
			compatibilityVersion = "Xcode 3.2";
			developmentRegion = English;
			hasScannedForEncodings = 0;
			knownRegions = (
				en,
				Base,
			);
			mainGroup = 017AD03119B0346200098C8F;
			productRefGroup = 017AD03B19B0346200098C8F /* Products */;
			projectDirPath = "";
			projectRoot = "";
			targets = (
				017AD03919B0346200098C8F /* Day2Homework */,
				017AD04B19B0346200098C8F /* Day2HomeworkTests */,
			);
		};
/* End PBXProject section */

/* Begin PBXResourcesBuildPhase section */
		017AD03819B0346200098C8F /* Resources */ = {
			isa = PBXResourcesBuildPhase;
			buildActionMask = 2147483647;
			files = (
				017AD04519B0346200098C8F /* Main.storyboard in Resources */,
				017AD04719B0346200098C8F /* Images.xcassets in Resources */,
			);
			runOnlyForDeploymentPostprocessing = 0;
		};
		017AD04A19B0346200098C8F /* Resources */ = {
			isa = PBXResourcesBuildPhase;
			buildActionMask = 2147483647;
			files = (
			);
			runOnlyForDeploymentPostprocessing = 0;
		};
/* End PBXResourcesBuildPhase section */

/* Begin PBXSourcesBuildPhase section */
		017AD03619B0346200098C8F /* Sources */ = {
			isa = PBXSourcesBuildPhase;
			buildActionMask = 2147483647;
			files = (
				017BB9A419B0890C00C19559 /* VeOto.swift in Sources */,
				017BB9A219B0880800C19559 /* VeZigzag.swift in Sources */,
				017BB99E19B0814D00C19559 /* GenericVC.swift in Sources */,
				017AD04019B0346200098C8F /* AppDelegate.swift in Sources */,
				017BB9A019B0818600C19559 /* PhuongTrinhBacHai.swift in Sources */,
			);
			runOnlyForDeploymentPostprocessing = 0;
		};
		017AD04819B0346200098C8F /* Sources */ = {
			isa = PBXSourcesBuildPhase;
			buildActionMask = 2147483647;
			files = (
				017AD05319B0346200098C8F /* Day2HomeworkTests.swift in Sources */,
			);
			runOnlyForDeploymentPostprocessing = 0;
		};
/* End PBXSourcesBuildPhase section */

/* Begin PBXTargetDependency section */
		017AD04E19B0346200098C8F /* PBXTargetDependency */ = {
			isa = PBXTargetDependency;
			target = 017AD03919B0346200098C8F /* Day2Homework */;
			targetProxy = 017AD04D19B0346200098C8F /* PBXContainerItemProxy */;
		};
/* End PBXTargetDependency section */

/* Begin PBXVariantGroup section */
		017AD04319B0346200098C8F /* Main.storyboard */ = {
			isa = PBXVariantGroup;
			children = (
				017AD04419B0346200098C8F /* Base */,
			);
			name = Main.storyboard;
			sourceTree = "<group>";
		};
/* End PBXVariantGroup section */

/* Begin XCBuildConfiguration section */
		017AD05419B0346200098C8F /* Debug */ = {
			isa = XCBuildConfiguration;
			buildSettings = {
				ALWAYS_SEARCH_USER_PATHS = NO;
				CLANG_CXX_LANGUAGE_STANDARD = "gnu++0x";
				CLANG_CXX_LIBRARY = "libc++";
				CLANG_ENABLE_MODULES = YES;
				CLANG_ENABLE_OBJC_ARC = YES;
				CLANG_WARN_BOOL_CONVERSION = YES;
				CLANG_WARN_CONSTANT_CONVERSION = YES;
				CLANG_WARN_DIRECT_OBJC_ISA_USAGE = YES_ERROR;
				CLANG_WARN_EMPTY_BODY = YES;
				CLANG_WARN_ENUM_CONVERSION = YES;
				CLANG_WARN_INT_CONVERSION = YES;
				CLANG_WARN_OBJC_ROOT_CLASS = YES_ERROR;
				CLANG_WARN_UNREACHABLE_CODE = YES;
				CLANG_WARN__DUPLICATE_METHOD_MATCH = YES;
				"CODE_SIGN_IDENTITY[sdk=iphoneos*]" = "iPhone Developer";
				COPY_PHASE_STRIP = NO;
				ENABLE_STRICT_OBJC_MSGSEND = YES;
				GCC_C_LANGUAGE_STANDARD = gnu99;
				GCC_DYNAMIC_NO_PIC = NO;
				GCC_OPTIMIZATION_LEVEL = 0;
				GCC_PREPROCESSOR_DEFINITIONS = (
					"DEBUG=1",
					"$(inherited)",
				);
				GCC_SYMBOLS_PRIVATE_EXTERN = NO;
				GCC_WARN_64_TO_32_BIT_CONVERSION = YES;
				GCC_WARN_ABOUT_RETURN_TYPE = YES_ERROR;
				GCC_WARN_UNDECLARED_SELECTOR = YES;
				GCC_WARN_UNINITIALIZED_AUTOS = YES_AGGRESSIVE;
				GCC_WARN_UNUSED_FUNCTION = YES;
				GCC_WARN_UNUSED_VARIABLE = YES;
				IPHONEOS_DEPLOYMENT_TARGET = 8.0;
				MTL_ENABLE_DEBUG_INFO = YES;
				ONLY_ACTIVE_ARCH = YES;
				SDKROOT = iphoneos;
				SWIFT_OPTIMIZATION_LEVEL = "-Onone";
			};
			name = Debug;
		};
		017AD05519B0346200098C8F /* Release */ = {
			isa = XCBuildConfiguration;
			buildSettings = {
				ALWAYS_SEARCH_USER_PATHS = NO;
				CLANG_CXX_LANGUAGE_STANDARD = "gnu++0x";
				CLANG_CXX_LIBRARY = "libc++";
				CLANG_ENABLE_MODULES = YES;
				CLANG_ENABLE_OBJC_ARC = YES;
				CLANG_WARN_BOOL_CONVERSION = YES;
				CLANG_WARN_CONSTANT_CONVERSION = YES;
				CLANG_WARN_DIRECT_OBJC_ISA_USAGE = YES_ERROR;
				CLANG_WARN_EMPTY_BODY = YES;
				CLANG_WARN_ENUM_CONVERSION = YES;
				CLANG_WARN_INT_CONVERSION = YES;
				CLANG_WARN_OBJC_ROOT_CLASS = YES_ERROR;
				CLANG_WARN_UNREACHABLE_CODE = YES;
				CLANG_WARN__DUPLICATE_METHOD_MATCH = YES;
				"CODE_SIGN_IDENTITY[sdk=iphoneos*]" = "iPhone Developer";
				COPY_PHASE_STRIP = YES;
				ENABLE_NS_ASSERTIONS = NO;
				ENABLE_STRICT_OBJC_MSGSEND = YES;
				GCC_C_LANGUAGE_STANDARD = gnu99;
				GCC_WARN_64_TO_32_BIT_CONVERSION = YES;
				GCC_WARN_ABOUT_RETURN_TYPE = YES_ERROR;
				GCC_WARN_UNDECLARED_SELECTOR = YES;
				GCC_WARN_UNINITIALIZED_AUTOS = YES_AGGRESSIVE;
				GCC_WARN_UNUSED_FUNCTION = YES;
				GCC_WARN_UNUSED_VARIABLE = YES;
				IPHONEOS_DEPLOYMENT_TARGET = 8.0;
				MTL_ENABLE_DEBUG_INFO = NO;
				SDKROOT = iphoneos;
				VALIDATE_PRODUCT = YES;
			};
			name = Release;
		};
		017AD05719B0346200098C8F /* Debug */ = {
			isa = XCBuildConfiguration;
			buildSettings = {
				ASSETCATALOG_COMPILER_APPICON_NAME = AppIcon;
				ASSETCATALOG_COMPILER_LAUNCHIMAGE_NAME = LaunchImage;
				INFOPLIST_FILE = Day2Homework/Info.plist;
				LD_RUNPATH_SEARCH_PATHS = "$(inherited) @executable_path/Frameworks";
				PRODUCT_NAME = "$(TARGET_NAME)";
			};
			name = Debug;
		};
		017AD05819B0346200098C8F /* Release */ = {
			isa = XCBuildConfiguration;
			buildSettings = {
				ASSETCATALOG_COMPILER_APPICON_NAME = AppIcon;
				ASSETCATALOG_COMPILER_LAUNCHIMAGE_NAME = LaunchImage;
				INFOPLIST_FILE = Day2Homework/Info.plist;
				LD_RUNPATH_SEARCH_PATHS = "$(inherited) @executable_path/Frameworks";
				PRODUCT_NAME = "$(TARGET_NAME)";
			};
			name = Release;
		};
		017AD05A19B0346200098C8F /* Debug */ = {
			isa = XCBuildConfiguration;
			buildSettings = {
				BUNDLE_LOADER = "$(TEST_HOST)";
				FRAMEWORK_SEARCH_PATHS = (
					"$(SDKROOT)/Developer/Library/Frameworks",
					"$(inherited)",
				);
				GCC_PREPROCESSOR_DEFINITIONS = (
					"DEBUG=1",
					"$(inherited)",
				);
				INFOPLIST_FILE = Day2HomeworkTests/Info.plist;
				LD_RUNPATH_SEARCH_PATHS = "$(inherited) @executable_path/Frameworks @loader_path/Frameworks";
				PRODUCT_NAME = "$(TARGET_NAME)";
				TEST_HOST = "$(BUILT_PRODUCTS_DIR)/Day2Homework.app/Day2Homework";
			};
			name = Debug;
		};
		017AD05B19B0346200098C8F /* Release */ = {
			isa = XCBuildConfiguration;
			buildSettings = {
				BUNDLE_LOADER = "$(TEST_HOST)";
				FRAMEWORK_SEARCH_PATHS = (
					"$(SDKROOT)/Developer/Library/Frameworks",
					"$(inherited)",
				);
				INFOPLIST_FILE = Day2HomeworkTests/Info.plist;
				LD_RUNPATH_SEARCH_PATHS = "$(inherited) @executable_path/Frameworks @loader_path/Frameworks";
				PRODUCT_NAME = "$(TARGET_NAME)";
				TEST_HOST = "$(BUILT_PRODUCTS_DIR)/Day2Homework.app/Day2Homework";
			};
			name = Release;
		};
/* End XCBuildConfiguration section */

/* Begin XCConfigurationList section */
		017AD03519B0346200098C8F /* Build configuration list for PBXProject "Day2Homework" */ = {
			isa = XCConfigurationList;
			buildConfigurations = (
				017AD05419B0346200098C8F /* Debug */,
				017AD05519B0346200098C8F /* Release */,
			);
			defaultConfigurationIsVisible = 0;
			defaultConfigurationName = Release;
		};
		017AD05619B0346200098C8F /* Build configuration list for PBXNativeTarget "Day2Homework" */ = {
			isa = XCConfigurationList;
			buildConfigurations = (
				017AD05719B0346200098C8F /* Debug */,
				017AD05819B0346200098C8F /* Release */,
			);
			defaultConfigurationIsVisible = 0;
			defaultConfigurationName = Release;
		};
		017AD05919B0346200098C8F /* Build configuration list for PBXNativeTarget "Day2HomeworkTests" */ = {
			isa = XCConfigurationList;
			buildConfigurations = (
				017AD05A19B0346200098C8F /* Debug */,
				017AD05B19B0346200098C8F /* Release */,
			);
			defaultConfigurationIsVisible = 0;
			defaultConfigurationName = Release;
		};
/* End XCConfigurationList section */
	};
	rootObject = 017AD03219B0346200098C8F /* Project object */;
}
